
Microsoft Visual Studio Solution File, Format Version 12.00
# Visual Studio Version 17
VisualStudioVersion = 17.12.35514.174
MinimumVisualStudioVersion = 10.0.40219.1
Project("{FAE04EC0-301F-11D3-BF4B-00C04F79EFBC}") = "Veterinaria", "Veterinaria\Veterinaria.csproj", "{ED034F6A-63FF-4541-A013-11358A3132EF}"
EndProject
Project("{FAE04EC0-301F-11D3-BF4B-00C04F79EFBC}") = "VT.Data", "VT.Data\VT.Data.csproj", "{278416DD-A560-523D-E903-8D22E6D11794}"
EndProject
Project("{FAE04EC0-301F-11D3-BF4B-00C04F79EFBC}") = "VT.Entity", "VT.Entity\VT.Entity.csproj", "{31210BF8-1773-B92C-C96B-FAAA64DB0701}"
EndProject
Project("{FAE04EC0-301F-11D3-BF4B-00C04F79EFBC}") = "VT.Servicios", "VT.Servicios\VT.Servicios.csproj", "{523423DF-8BBE-B5DE-7CE0-D0BBE78B1636}"
EndProject
Global
	GlobalSection(SolutionConfigurationPlatforms) = preSolution
		Debug|Any CPU = Debug|Any CPU
		Release|Any CPU = Release|Any CPU
	EndGlobalSection
	GlobalSection(ProjectConfigurationPlatforms) = postSolution
		{ED034F6A-63FF-4541-A013-11358A3132EF}.Debug|Any CPU.ActiveCfg = Debug|Any CPU
		{ED034F6A-63FF-4541-A013-11358A3132EF}.Debug|Any CPU.Build.0 = Debug|Any CPU
		{ED034F6A-63FF-4541-A013-11358A3132EF}.Release|Any CPU.ActiveCfg = Release|Any CPU
		{ED034F6A-63FF-4541-A013-11358A3132EF}.Release|Any CPU.Build.0 = Release|Any CPU
		{278416DD-A560-523D-E903-8D22E6D11794}.Debug|Any CPU.ActiveCfg = Debug|Any CPU
		{278416DD-A560-523D-E903-8D22E6D11794}.Debug|Any CPU.Build.0 = Debug|Any CPU
		{278416DD-A560-523D-E903-8D22E6D11794}.Release|Any CPU.ActiveCfg = Release|Any CPU
		{278416DD-A560-523D-E903-8D22E6D11794}.Release|Any CPU.Build.0 = Release|Any CPU
		{31210BF8-1773-B92C-C96B-FAAA64DB0701}.Debug|Any CPU.ActiveCfg = Debug|Any CPU
		{31210BF8-1773-B92C-C96B-FAAA64DB0701}.Debug|Any CPU.Build.0 = Debug|Any CPU
		{31210BF8-1773-B92C-C96B-FAAA64DB0701}.Release|Any CPU.ActiveCfg = Release|Any CPU
		{31210BF8-1773-B92C-C96B-FAAA64DB0701}.Release|Any CPU.Build.0 = Release|Any CPU
		{523423DF-8BBE-B5DE-7CE0-D0BBE78B1636}.Debug|Any CPU.ActiveCfg = Debug|Any CPU
		{523423DF-8BBE-B5DE-7CE0-D0BBE78B1636}.Debug|Any CPU.Build.0 = Debug|Any CPU
		{523423DF-8BBE-B5DE-7CE0-D0BBE78B1636}.Release|Any CPU.ActiveCfg = Release|Any CPU
		{523423DF-8BBE-B5DE-7CE0-D0BBE78B1636}.Release|Any CPU.Build.0 = Release|Any CPU
	EndGlobalSection
	GlobalSection(SolutionProperties) = preSolution
		HideSolutionNode = FALSE
	EndGlobalSection
EndGlobal
